
Microsoft Visual Studio Solution File, Format Version 12.00
Project("{FAE04EC0-301F-11D3-BF4B-00C04F79EFBC}") = "WMS-", "WMS-\WMS-.csproj", "{A2AC1B06-35F7-4411-9492-CE6B2EBD1015}"
EndProject
Global
	GlobalSection(SolutionConfigurationPlatforms) = preSolution
		Debug|Any CPU = Debug|Any CPU
		Release|Any CPU = Release|Any CPU
	EndGlobalSection
	GlobalSection(ProjectConfigurationPlatforms) = postSolution
		{A2AC1B06-35F7-4411-9492-CE6B2EBD1015}.Debug|Any CPU.ActiveCfg = Debug|Any CPU
		{A2AC1B06-35F7-4411-9492-CE6B2EBD1015}.Debug|Any CPU.Build.0 = Debug|Any CPU
		{A2AC1B06-35F7-4411-9492-CE6B2EBD1015}.Release|Any CPU.ActiveCfg = Release|Any CPU
		{A2AC1B06-35F7-4411-9492-CE6B2EBD1015}.Release|Any CPU.Build.0 = Release|Any CPU
	EndGlobalSection
EndGlobal
